{
  "nodes": {
    "nixpkgs": {
      "locked": {
        "lastModified": 1770328555,
        "narHash": "sha256-FkRxi4byWqMol4IFoWTAS72iBHoGImK6ZT1RK5gkIgY=",
        "owner": "nixos",
        "repo": "nixpkgs",
        "rev": "60dbab5d04ffce502b6cfb21a89c2d2fb2c3deb3",
        "type": "github"
      },
      "original": {
        "owner": "nixos",
        "ref": "nixos-unstable-small",
        "repo": "nixpkgs",
        "type": "github"
      }
    },
    "root": {
      "inputs": {
        "nixpkgs": "nixpkgs"
      }
    }
  },
  "root": "root",
  "version": 7
}
